
Microsoft Visual Studio Solution File, Format Version 12.00
# Visual Studio 2013
VisualStudioVersion = 12.0.40629.0
MinimumVisualStudioVersion = 10.0.40219.1
Project("{2150E333-8FDC-42A3-9474-1A3956D46DE8}") = "Application", "Application", "{D384A087-7454-4675-A004-46A7FC717C7C}"
EndProject
Project("{2150E333-8FDC-42A3-9474-1A3956D46DE8}") = "Automated Tests", "Automated Tests", "{04F8D9EF-6A00-4C4E-8847-18C92AED1B5C}"
EndProject
Project("{FAE04EC0-301F-11D3-BF4B-00C04F79EFBC}") = "I-Teach.ClassMarks", "I-Teach.ClassMarks\I-Teach.ClassMarks.csproj", "{806C0AB4-032F-4172-B686-C924800C3314}"
EndProject
Project("{FAE04EC0-301F-11D3-BF4B-00C04F79EFBC}") = "I-Teach.ClassMarks.Specs", "I-Teach.ClassMarks.Specs\I-Teach.ClassMarks.Specs.csproj", "{C859A768-165D-4A0B-A706-31E96A5BE283}"
EndProject
Project("{FAE04EC0-301F-11D3-BF4B-00C04F79EFBC}") = "I-Teach-Web", "I-Teach-Web\I-Teach-Web.csproj", "{7DC45BA3-5CA0-4D24-B390-9CFD30419956}"
EndProject
Project("{FAE04EC0-301F-11D3-BF4B-00C04F79EFBC}") = "I-Teach.ViewModels", "I-Teach.ViewModels\I-Teach.ViewModels.csproj", "{41256F07-2F1A-4564-844B-4A7FB2714223}"
EndProject
Project("{FAE04EC0-301F-11D3-BF4B-00C04F79EFBC}") = "Application.Infrastructure", "Application.Infrastructure\Application.Infrastructure.csproj", "{B8E314B5-6214-444F-9B7E-FF6339C38D61}"
EndProject
Project("{FAE04EC0-301F-11D3-BF4B-00C04F79EFBC}") = "Application.Infrastructure.Specs", "Application.Infrastructure.Specs\Application.Infrastructure.Specs.csproj", "{18D1C08D-74E2-42FD-8183-2E89DC68BA22}"
EndProject
Project("{2150E333-8FDC-42A3-9474-1A3956D46DE8}") = "App Redux", "App Redux", "{E8E48392-1350-42DD-A705-836C9AA3A9E6}"
EndProject
Project("{FAE04EC0-301F-11D3-BF4B-00C04F79EFBC}") = "ITeach.ClassList", "App Redux\ITeach.ClassList\ITeach.ClassList.csproj", "{8A39BFD7-FC43-4E5C-9621-14A46F707D3A}"
EndProject
Project("{FAE04EC0-301F-11D3-BF4B-00C04F79EFBC}") = "ITeach.ClassEvaluation", "App Redux\ITeach.ClassEvaluation\ITeach.ClassEvaluation.csproj", "{3592FBDB-DB2B-4A8E-ABB6-314CA34A1888}"
EndProject
Project("{FAE04EC0-301F-11D3-BF4B-00C04F79EFBC}") = "ITeach.StudentMark", "App Redux\ITeach.StudentMark\ITeach.StudentMark.csproj", "{AD2375D8-BFD8-4223-935C-5657C0B9E6A9}"
EndProject
Project("{FAE04EC0-301F-11D3-BF4B-00C04F79EFBC}") = "ITeach.ApplicationHost", "App Redux\ITeach.ApplicationHost\ITeach.ApplicationHost.csproj", "{223CC169-F4D8-429B-9A89-E5D5EDD663FC}"
EndProject
Project("{FAE04EC0-301F-11D3-BF4B-00C04F79EFBC}") = "ITeach.CourseEvaluation", "App Redux\ITeach.CourseEvaluation\ITeach.CourseEvaluation.csproj", "{B7E5DEA2-2A79-489F-A5A5-FD874821D7C3}"
EndProject
Project("{FAE04EC0-301F-11D3-BF4B-00C04F79EFBC}") = "ITeach.School", "App Redux\ITeach.School\ITeach.School.csproj", "{0A8E0CF3-2228-4C03-A650-0AD778A3326E}"
EndProject
Project("{FAE04EC0-301F-11D3-BF4B-00C04F79EFBC}") = "ConsoleApp", "App Redux\ConsoleApp\ConsoleApp.csproj", "{5326D1F9-BD4E-474B-B38D-601E82C55CC0}"
EndProject
Project("{FAE04EC0-301F-11D3-BF4B-00C04F79EFBC}") = "CommonInfrastructure", "App Redux\CommonInfrastructure\CommonInfrastructure.csproj", "{93DA6C24-BDEC-4BBF-A9AD-DC1B42F0F312}"
EndProject
Global
	GlobalSection(SolutionConfigurationPlatforms) = preSolution
		Debug|Any CPU = Debug|Any CPU
		Release|Any CPU = Release|Any CPU
	EndGlobalSection
	GlobalSection(ProjectConfigurationPlatforms) = postSolution
		{806C0AB4-032F-4172-B686-C924800C3314}.Debug|Any CPU.ActiveCfg = Debug|Any CPU
		{806C0AB4-032F-4172-B686-C924800C3314}.Debug|Any CPU.Build.0 = Debug|Any CPU
		{806C0AB4-032F-4172-B686-C924800C3314}.Release|Any CPU.ActiveCfg = Release|Any CPU
		{806C0AB4-032F-4172-B686-C924800C3314}.Release|Any CPU.Build.0 = Release|Any CPU
		{C859A768-165D-4A0B-A706-31E96A5BE283}.Debug|Any CPU.ActiveCfg = Debug|Any CPU
		{C859A768-165D-4A0B-A706-31E96A5BE283}.Debug|Any CPU.Build.0 = Debug|Any CPU
		{C859A768-165D-4A0B-A706-31E96A5BE283}.Release|Any CPU.ActiveCfg = Release|Any CPU
		{C859A768-165D-4A0B-A706-31E96A5BE283}.Release|Any CPU.Build.0 = Release|Any CPU
		{7DC45BA3-5CA0-4D24-B390-9CFD30419956}.Debug|Any CPU.ActiveCfg = Debug|Any CPU
		{7DC45BA3-5CA0-4D24-B390-9CFD30419956}.Debug|Any CPU.Build.0 = Debug|Any CPU
		{7DC45BA3-5CA0-4D24-B390-9CFD30419956}.Release|Any CPU.ActiveCfg = Release|Any CPU
		{7DC45BA3-5CA0-4D24-B390-9CFD30419956}.Release|Any CPU.Build.0 = Release|Any CPU
		{41256F07-2F1A-4564-844B-4A7FB2714223}.Debug|Any CPU.ActiveCfg = Debug|Any CPU
		{41256F07-2F1A-4564-844B-4A7FB2714223}.Debug|Any CPU.Build.0 = Debug|Any CPU
		{41256F07-2F1A-4564-844B-4A7FB2714223}.Release|Any CPU.ActiveCfg = Release|Any CPU
		{41256F07-2F1A-4564-844B-4A7FB2714223}.Release|Any CPU.Build.0 = Release|Any CPU
		{B8E314B5-6214-444F-9B7E-FF6339C38D61}.Debug|Any CPU.ActiveCfg = Debug|Any CPU
		{B8E314B5-6214-444F-9B7E-FF6339C38D61}.Debug|Any CPU.Build.0 = Debug|Any CPU
		{B8E314B5-6214-444F-9B7E-FF6339C38D61}.Release|Any CPU.ActiveCfg = Release|Any CPU
		{B8E314B5-6214-444F-9B7E-FF6339C38D61}.Release|Any CPU.Build.0 = Release|Any CPU
		{18D1C08D-74E2-42FD-8183-2E89DC68BA22}.Debug|Any CPU.ActiveCfg = Debug|Any CPU
		{18D1C08D-74E2-42FD-8183-2E89DC68BA22}.Debug|Any CPU.Build.0 = Debug|Any CPU
		{18D1C08D-74E2-42FD-8183-2E89DC68BA22}.Release|Any CPU.ActiveCfg = Release|Any CPU
		{18D1C08D-74E2-42FD-8183-2E89DC68BA22}.Release|Any CPU.Build.0 = Release|Any CPU
		{8A39BFD7-FC43-4E5C-9621-14A46F707D3A}.Debug|Any CPU.ActiveCfg = Debug|Any CPU
		{8A39BFD7-FC43-4E5C-9621-14A46F707D3A}.Debug|Any CPU.Build.0 = Debug|Any CPU
		{8A39BFD7-FC43-4E5C-9621-14A46F707D3A}.Release|Any CPU.ActiveCfg = Release|Any CPU
		{8A39BFD7-FC43-4E5C-9621-14A46F707D3A}.Release|Any CPU.Build.0 = Release|Any CPU
		{3592FBDB-DB2B-4A8E-ABB6-314CA34A1888}.Debug|Any CPU.ActiveCfg = Debug|Any CPU
		{3592FBDB-DB2B-4A8E-ABB6-314CA34A1888}.Debug|Any CPU.Build.0 = Debug|Any CPU
		{3592FBDB-DB2B-4A8E-ABB6-314CA34A1888}.Release|Any CPU.ActiveCfg = Release|Any CPU
		{3592FBDB-DB2B-4A8E-ABB6-314CA34A1888}.Release|Any CPU.Build.0 = Release|Any CPU
		{AD2375D8-BFD8-4223-935C-5657C0B9E6A9}.Debug|Any CPU.ActiveCfg = Debug|Any CPU
		{AD2375D8-BFD8-4223-935C-5657C0B9E6A9}.Debug|Any CPU.Build.0 = Debug|Any CPU
		{AD2375D8-BFD8-4223-935C-5657C0B9E6A9}.Release|Any CPU.ActiveCfg = Release|Any CPU
		{AD2375D8-BFD8-4223-935C-5657C0B9E6A9}.Release|Any CPU.Build.0 = Release|Any CPU
		{223CC169-F4D8-429B-9A89-E5D5EDD663FC}.Debug|Any CPU.ActiveCfg = Debug|Any CPU
		{223CC169-F4D8-429B-9A89-E5D5EDD663FC}.Debug|Any CPU.Build.0 = Debug|Any CPU
		{223CC169-F4D8-429B-9A89-E5D5EDD663FC}.Release|Any CPU.ActiveCfg = Release|Any CPU
		{223CC169-F4D8-429B-9A89-E5D5EDD663FC}.Release|Any CPU.Build.0 = Release|Any CPU
		{B7E5DEA2-2A79-489F-A5A5-FD874821D7C3}.Debug|Any CPU.ActiveCfg = Debug|Any CPU
		{B7E5DEA2-2A79-489F-A5A5-FD874821D7C3}.Debug|Any CPU.Build.0 = Debug|Any CPU
		{B7E5DEA2-2A79-489F-A5A5-FD874821D7C3}.Release|Any CPU.ActiveCfg = Release|Any CPU
		{B7E5DEA2-2A79-489F-A5A5-FD874821D7C3}.Release|Any CPU.Build.0 = Release|Any CPU
		{0A8E0CF3-2228-4C03-A650-0AD778A3326E}.Debug|Any CPU.ActiveCfg = Debug|Any CPU
		{0A8E0CF3-2228-4C03-A650-0AD778A3326E}.Debug|Any CPU.Build.0 = Debug|Any CPU
		{0A8E0CF3-2228-4C03-A650-0AD778A3326E}.Release|Any CPU.ActiveCfg = Release|Any CPU
		{0A8E0CF3-2228-4C03-A650-0AD778A3326E}.Release|Any CPU.Build.0 = Release|Any CPU
		{5326D1F9-BD4E-474B-B38D-601E82C55CC0}.Debug|Any CPU.ActiveCfg = Debug|Any CPU
		{5326D1F9-BD4E-474B-B38D-601E82C55CC0}.Debug|Any CPU.Build.0 = Debug|Any CPU
		{5326D1F9-BD4E-474B-B38D-601E82C55CC0}.Release|Any CPU.ActiveCfg = Release|Any CPU
		{5326D1F9-BD4E-474B-B38D-601E82C55CC0}.Release|Any CPU.Build.0 = Release|Any CPU
		{93DA6C24-BDEC-4BBF-A9AD-DC1B42F0F312}.Debug|Any CPU.ActiveCfg = Debug|Any CPU
		{93DA6C24-BDEC-4BBF-A9AD-DC1B42F0F312}.Debug|Any CPU.Build.0 = Debug|Any CPU
		{93DA6C24-BDEC-4BBF-A9AD-DC1B42F0F312}.Release|Any CPU.ActiveCfg = Release|Any CPU
		{93DA6C24-BDEC-4BBF-A9AD-DC1B42F0F312}.Release|Any CPU.Build.0 = Release|Any CPU
	EndGlobalSection
	GlobalSection(SolutionProperties) = preSolution
		HideSolutionNode = FALSE
	EndGlobalSection
	GlobalSection(NestedProjects) = preSolution
		{806C0AB4-032F-4172-B686-C924800C3314} = {D384A087-7454-4675-A004-46A7FC717C7C}
		{C859A768-165D-4A0B-A706-31E96A5BE283} = {04F8D9EF-6A00-4C4E-8847-18C92AED1B5C}
		{7DC45BA3-5CA0-4D24-B390-9CFD30419956} = {D384A087-7454-4675-A004-46A7FC717C7C}
		{41256F07-2F1A-4564-844B-4A7FB2714223} = {D384A087-7454-4675-A004-46A7FC717C7C}
		{B8E314B5-6214-444F-9B7E-FF6339C38D61} = {D384A087-7454-4675-A004-46A7FC717C7C}
		{18D1C08D-74E2-42FD-8183-2E89DC68BA22} = {04F8D9EF-6A00-4C4E-8847-18C92AED1B5C}
		{8A39BFD7-FC43-4E5C-9621-14A46F707D3A} = {E8E48392-1350-42DD-A705-836C9AA3A9E6}
		{3592FBDB-DB2B-4A8E-ABB6-314CA34A1888} = {E8E48392-1350-42DD-A705-836C9AA3A9E6}
		{AD2375D8-BFD8-4223-935C-5657C0B9E6A9} = {E8E48392-1350-42DD-A705-836C9AA3A9E6}
		{223CC169-F4D8-429B-9A89-E5D5EDD663FC} = {E8E48392-1350-42DD-A705-836C9AA3A9E6}
		{B7E5DEA2-2A79-489F-A5A5-FD874821D7C3} = {E8E48392-1350-42DD-A705-836C9AA3A9E6}
		{0A8E0CF3-2228-4C03-A650-0AD778A3326E} = {E8E48392-1350-42DD-A705-836C9AA3A9E6}
		{5326D1F9-BD4E-474B-B38D-601E82C55CC0} = {E8E48392-1350-42DD-A705-836C9AA3A9E6}
		{93DA6C24-BDEC-4BBF-A9AD-DC1B42F0F312} = {E8E48392-1350-42DD-A705-836C9AA3A9E6}
	EndGlobalSection
EndGlobal
